{
    "_meta": {
        "hash": {
            "sha256": "e0f1bf9c91eba32a93e6c262ec128a8fad485f47584c120e01dc4ad0d9b41cbd"
        },
        "pipfile-spec": 6,
        "requires": {
            "python_version": "3.6"
        },
        "sources": [
            {
                "name": "pypi",
                "url": "https://pypi.org/simple",
                "verify_ssl": true
            }
        ]
    },
    "default": {
        "sql-metadata": {
            "hashes": [
                "sha256:eed8c98e7a1bb719ff1f78227c05e07ad61ddec5d5f81e5014179edd28b77cac",
                "sha256:fdb62bd1aa44e37b30237fb992a68e9a0c01f9f69303590272c6861a27c4f59c"
            ],
            "index": "pypi",
            "version": "==2.3.0"
        },
        "sqlparse": {
            "hashes": [
                "sha256:0c00730c74263a94e5a9919ade150dfc3b19c574389985446148402998287dae",
                "sha256:48719e356bb8b42991bdbb1e8b83223757b93789c00910a616a071910ca4a64d"
            ],
            "markers": "python_version >= '3.5'",
            "version": "==0.4.2"
        }
    },
    "develop": {}
}
